{
  "originHash" : "9678313c8776396baa04422bdfa4edaf1f3c2e0981cbb4bb77469075efc7a6cb",
  "pins" : [
    {
      "identity" : "phonenumberkit",
      "kind" : "remoteSourceControl",
      "location" : "https://github.com/PhoneNumberKit/PhoneNumberKit",
      "state" : {
        "revision" : "ebde4c008bad416588627d83ac07b991c204f72b",
        "version" : "5.0.2"
      }
    }
  ],
  "version" : 3
}
